// !$*UTF8*$!
{
	archiveVersion = 1;
	classes = {
	};
	objectVersion = 55;
	objects = {

/* Begin PBXBuildFile section */
		B85602AB2864A25B00D66075 /* AppDelegate.swift in Sources */ = {isa = PBXBuildFile; fileRef = B85602AA2864A25B00D66075 /* AppDelegate.swift */; };
		B85602AD2864A25B00D66075 /* SceneDelegate.swift in Sources */ = {isa = PBXBuildFile; fileRef = B85602AC2864A25B00D66075 /* SceneDelegate.swift */; };
		B85602AF2864A25B00D66075 /* MVPViewController.swift in Sources */ = {isa = PBXBuildFile; fileRef = B85602AE2864A25B00D66075 /* MVPViewController.swift */; };
		B85602B22864A25B00D66075 /* Main.storyboard in Resources */ = {isa = PBXBuildFile; fileRef = B85602B02864A25B00D66075 /* Main.storyboard */; };
		B85602B42864A25C00D66075 /* Assets.xcassets in Resources */ = {isa = PBXBuildFile; fileRef = B85602B32864A25C00D66075 /* Assets.xcassets */; };
		B85602B72864A25C00D66075 /* LaunchScreen.storyboard in Resources */ = {isa = PBXBuildFile; fileRef = B85602B52864A25C00D66075 /* LaunchScreen.storyboard */; };
		B85602BF2864A2FE00D66075 /* MVPPresenter.swift in Sources */ = {isa = PBXBuildFile; fileRef = B85602BE2864A2FE00D66075 /* MVPPresenter.swift */; };
		B85602C12864A31D00D66075 /* DataManager.swift in Sources */ = {isa = PBXBuildFile; fileRef = B85602C02864A31D00D66075 /* DataManager.swift */; };
		B85602C32864A4DD00D66075 /* MVPViewInput.swift in Sources */ = {isa = PBXBuildFile; fileRef = B85602C22864A4DD00D66075 /* MVPViewInput.swift */; };
		B85602C52864A52000D66075 /* MVPViewOutput.swift in Sources */ = {isa = PBXBuildFile; fileRef = B85602C42864A52000D66075 /* MVPViewOutput.swift */; };
		B85602C92864A94200D66075 /* MVPAssembly.swift in Sources */ = {isa = PBXBuildFile; fileRef = B85602C82864A94200D66075 /* MVPAssembly.swift */; };
/* End PBXBuildFile section */

/* Begin PBXFileReference section */
		B85602A72864A25B00D66075 /* MVPtest.app */ = {isa = PBXFileReference; explicitFileType = wrapper.application; includeInIndex = 0; path = MVPtest.app; sourceTree = BUILT_PRODUCTS_DIR; };
		B85602AA2864A25B00D66075 /* AppDelegate.swift */ = {isa = PBXFileReference; lastKnownFileType = sourcecode.swift; path = AppDelegate.swift; sourceTree = "<group>"; };
		B85602AC2864A25B00D66075 /* SceneDelegate.swift */ = {isa = PBXFileReference; lastKnownFileType = sourcecode.swift; path = SceneDelegate.swift; sourceTree = "<group>"; };
		B85602AE2864A25B00D66075 /* MVPViewController.swift */ = {isa = PBXFileReference; lastKnownFileType = sourcecode.swift; path = MVPViewController.swift; sourceTree = "<group>"; };
		B85602B12864A25B00D66075 /* Base */ = {isa = PBXFileReference; lastKnownFileType = file.storyboard; name = Base; path = Base.lproj/Main.storyboard; sourceTree = "<group>"; };
		B85602B32864A25C00D66075 /* Assets.xcassets */ = {isa = PBXFileReference; lastKnownFileType = folder.assetcatalog; path = Assets.xcassets; sourceTree = "<group>"; };
		B85602B62864A25C00D66075 /* Base */ = {isa = PBXFileReference; lastKnownFileType = file.storyboard; name = Base; path = Base.lproj/LaunchScreen.storyboard; sourceTree = "<group>"; };
		B85602B82864A25C00D66075 /* Info.plist */ = {isa = PBXFileReference; lastKnownFileType = text.plist.xml; path = Info.plist; sourceTree = "<group>"; };
		B85602BE2864A2FE00D66075 /* MVPPresenter.swift */ = {isa = PBXFileReference; lastKnownFileType = sourcecode.swift; path = MVPPresenter.swift; sourceTree = "<group>"; };
		B85602C02864A31D00D66075 /* DataManager.swift */ = {isa = PBXFileReference; lastKnownFileType = sourcecode.swift; path = DataManager.swift; sourceTree = "<group>"; };
		B85602C22864A4DD00D66075 /* MVPViewInput.swift */ = {isa = PBXFileReference; lastKnownFileType = sourcecode.swift; path = MVPViewInput.swift; sourceTree = "<group>"; };
		B85602C42864A52000D66075 /* MVPViewOutput.swift */ = {isa = PBXFileReference; lastKnownFileType = sourcecode.swift; path = MVPViewOutput.swift; sourceTree = "<group>"; };
		B85602C82864A94200D66075 /* MVPAssembly.swift */ = {isa = PBXFileReference; lastKnownFileType = sourcecode.swift; path = MVPAssembly.swift; sourceTree = "<group>"; };
/* End PBXFileReference section */

/* Begin PBXFrameworksBuildPhase section */
		B85602A42864A25B00D66075 /* Frameworks */ = {
			isa = PBXFrameworksBuildPhase;
			buildActionMask = 2147483647;
			files = (
			);
			runOnlyForDeploymentPostprocessing = 0;
		};
/* End PBXFrameworksBuildPhase section */

/* Begin PBXGroup section */
		B856029E2864A25B00D66075 = {
			isa = PBXGroup;
			children = (
				B85602A92864A25B00D66075 /* MVPtest */,
				B85602A82864A25B00D66075 /* Products */,
			);
			sourceTree = "<group>";
		};
		B85602A82864A25B00D66075 /* Products */ = {
			isa = PBXGroup;
			children = (
				B85602A72864A25B00D66075 /* MVPtest.app */,
			);
			name = Products;
			sourceTree = "<group>";
		};
		B85602A92864A25B00D66075 /* MVPtest */ = {
			isa = PBXGroup;
			children = (
				B85602AA2864A25B00D66075 /* AppDelegate.swift */,
				B85602AC2864A25B00D66075 /* SceneDelegate.swift */,
				B85602C82864A94200D66075 /* MVPAssembly.swift */,
				B85602C02864A31D00D66075 /* DataManager.swift */,
				B85602C62864A8F800D66075 /* View */,
				B85602C72864A90B00D66075 /* Presenter */,
				B85602B02864A25B00D66075 /* Main.storyboard */,
				B85602B32864A25C00D66075 /* Assets.xcassets */,
				B85602B52864A25C00D66075 /* LaunchScreen.storyboard */,
				B85602B82864A25C00D66075 /* Info.plist */,
			);
			path = MVPtest;
			sourceTree = "<group>";
		};
		B85602C62864A8F800D66075 /* View */ = {
			isa = PBXGroup;
			children = (
				B85602AE2864A25B00D66075 /* MVPViewController.swift */,
				B85602C42864A52000D66075 /* MVPViewOutput.swift */,
				B85602C22864A4DD00D66075 /* MVPViewInput.swift */,
			);
			path = View;
			sourceTree = "<group>";
		};
		B85602C72864A90B00D66075 /* Presenter */ = {
			isa = PBXGroup;
			children = (
				B85602BE2864A2FE00D66075 /* MVPPresenter.swift */,
			);
			path = Presenter;
			sourceTree = "<group>";
		};
/* End PBXGroup section */

/* Begin PBXNativeTarget section */
		B85602A62864A25B00D66075 /* MVPtest */ = {
			isa = PBXNativeTarget;
			buildConfigurationList = B85602BB2864A25C00D66075 /* Build configuration list for PBXNativeTarget "MVPtest" */;
			buildPhases = (
				B85602A32864A25B00D66075 /* Sources */,
				B85602A42864A25B00D66075 /* Frameworks */,
				B85602A52864A25B00D66075 /* Resources */,
			);
			buildRules = (
			);
			dependencies = (
			);
			name = MVPtest;
			productName = MVPtest;
			productReference = B85602A72864A25B00D66075 /* MVPtest.app */;
			productType = "com.apple.product-type.application";
		};
/* End PBXNativeTarget section */

/* Begin PBXProject section */
		B856029F2864A25B00D66075 /* Project object */ = {
			isa = PBXProject;
			attributes = {
				BuildIndependentTargetsInParallel = 1;
				LastSwiftUpdateCheck = 1340;
				LastUpgradeCheck = 1340;
				TargetAttributes = {
					B85602A62864A25B00D66075 = {
						CreatedOnToolsVersion = 13.4.1;
					};
				};
			};
			buildConfigurationList = B85602A22864A25B00D66075 /* Build configuration list for PBXProject "MVPtest" */;
			compatibilityVersion = "Xcode 13.0";
			developmentRegion = en;
			hasScannedForEncodings = 0;
			knownRegions = (
				en,
				Base,
			);
			mainGroup = B856029E2864A25B00D66075;
			productRefGroup = B85602A82864A25B00D66075 /* Products */;
			projectDirPath = "";
			projectRoot = "";
			targets = (
				B85602A62864A25B00D66075 /* MVPtest */,
			);
		};
/* End PBXProject section */

/* Begin PBXResourcesBuildPhase section */
		B85602A52864A25B00D66075 /* Resources */ = {
			isa = PBXResourcesBuildPhase;
			buildActionMask = 2147483647;
			files = (
				B85602B72864A25C00D66075 /* LaunchScreen.storyboard in Resources */,
				B85602B42864A25C00D66075 /* Assets.xcassets in Resources */,
				B85602B22864A25B00D66075 /* Main.storyboard in Resources */,
			);
			runOnlyForDeploymentPostprocessing = 0;
		};
/* End PBXResourcesBuildPhase section */

/* Begin PBXSourcesBuildPhase section */
		B85602A32864A25B00D66075 /* Sources */ = {
			isa = PBXSourcesBuildPhase;
			buildActionMask = 2147483647;
			files = (
				B85602BF2864A2FE00D66075 /* MVPPresenter.swift in Sources */,
				B85602C12864A31D00D66075 /* DataManager.swift in Sources */,
				B85602AF2864A25B00D66075 /* MVPViewController.swift in Sources */,
				B85602AB2864A25B00D66075 /* AppDelegate.swift in Sources */,
				B85602AD2864A25B00D66075 /* SceneDelegate.swift in Sources */,
				B85602C52864A52000D66075 /* MVPViewOutput.swift in Sources */,
				B85602C32864A4DD00D66075 /* MVPViewInput.swift in Sources */,
				B85602C92864A94200D66075 /* MVPAssembly.swift in Sources */,
			);
			runOnlyForDeploymentPostprocessing = 0;
		};
/* End PBXSourcesBuildPhase section */

/* Begin PBXVariantGroup section */
		B85602B02864A25B00D66075 /* Main.storyboard */ = {
			isa = PBXVariantGroup;
			children = (
				B85602B12864A25B00D66075 /* Base */,
			);
			name = Main.storyboard;
			sourceTree = "<group>";
		};
		B85602B52864A25C00D66075 /* LaunchScreen.storyboard */ = {
			isa = PBXVariantGroup;
			children = (
				B85602B62864A25C00D66075 /* Base */,
			);
			name = LaunchScreen.storyboard;
			sourceTree = "<group>";
		};
/* End PBXVariantGroup section */

/* Begin XCBuildConfiguration section */
		B85602B92864A25C00D66075 /* Debug */ = {
			isa = XCBuildConfiguration;
			buildSettings = {
				ALWAYS_SEARCH_USER_PATHS = NO;
				CLANG_ANALYZER_NONNULL = YES;
				CLANG_ANALYZER_NUMBER_OBJECT_CONVERSION = YES_AGGRESSIVE;
				CLANG_CXX_LANGUAGE_STANDARD = "gnu++17";
				CLANG_ENABLE_MODULES = YES;
				CLANG_ENABLE_OBJC_ARC = YES;
				CLANG_ENABLE_OBJC_WEAK = YES;
				CLANG_WARN_BLOCK_CAPTURE_AUTORELEASING = YES;
				CLANG_WARN_BOOL_CONVERSION = YES;
				CLANG_WARN_COMMA = YES;
				CLANG_WARN_CONSTANT_CONVERSION = YES;
				CLANG_WARN_DEPRECATED_OBJC_IMPLEMENTATIONS = YES;
				CLANG_WARN_DIRECT_OBJC_ISA_USAGE = YES_ERROR;
				CLANG_WARN_DOCUMENTATION_COMMENTS = YES;
				CLANG_WARN_EMPTY_BODY = YES;
				CLANG_WARN_ENUM_CONVERSION = YES;
				CLANG_WARN_INFINITE_RECURSION = YES;
				CLANG_WARN_INT_CONVERSION = YES;
				CLANG_WARN_NON_LITERAL_NULL_CONVERSION = YES;
				CLANG_WARN_OBJC_IMPLICIT_RETAIN_SELF = YES;
				CLANG_WARN_OBJC_LITERAL_CONVERSION = YES;
				CLANG_WARN_OBJC_ROOT_CLASS = YES_ERROR;
				CLANG_WARN_QUOTED_INCLUDE_IN_FRAMEWORK_HEADER = YES;
				CLANG_WARN_RANGE_LOOP_ANALYSIS = YES;
				CLANG_WARN_STRICT_PROTOTYPES = YES;
				CLANG_WARN_SUSPICIOUS_MOVE = YES;
				CLANG_WARN_UNGUARDED_AVAILABILITY = YES_AGGRESSIVE;
				CLANG_WARN_UNREACHABLE_CODE = YES;
				CLANG_WARN__DUPLICATE_METHOD_MATCH = YES;
				COPY_PHASE_STRIP = NO;
				DEBUG_INFORMATION_FORMAT = dwarf;
				ENABLE_STRICT_OBJC_MSGSEND = YES;
				ENABLE_TESTABILITY = YES;
				GCC_C_LANGUAGE_STANDARD = gnu11;
				GCC_DYNAMIC_NO_PIC = NO;
				GCC_NO_COMMON_BLOCKS = YES;
				GCC_OPTIMIZATION_LEVEL = 0;
				GCC_PREPROCESSOR_DEFINITIONS = (
					"DEBUG=1",
					"$(inherited)",
				);
				GCC_WARN_64_TO_32_BIT_CONVERSION = YES;
				GCC_WARN_ABOUT_RETURN_TYPE = YES_ERROR;
				GCC_WARN_UNDECLARED_SELECTOR = YES;
				GCC_WARN_UNINITIALIZED_AUTOS = YES_AGGRESSIVE;
				GCC_WARN_UNUSED_FUNCTION = YES;
				GCC_WARN_UNUSED_VARIABLE = YES;
				IPHONEOS_DEPLOYMENT_TARGET = 15.5;
				MTL_ENABLE_DEBUG_INFO = INCLUDE_SOURCE;
				MTL_FAST_MATH = YES;
				ONLY_ACTIVE_ARCH = YES;
				SDKROOT = iphoneos;
				SWIFT_ACTIVE_COMPILATION_CONDITIONS = DEBUG;
				SWIFT_OPTIMIZATION_LEVEL = "-Onone";
			};
			name = Debug;
		};
		B85602BA2864A25C00D66075 /* Release */ = {
			isa = XCBuildConfiguration;
			buildSettings = {
				ALWAYS_SEARCH_USER_PATHS = NO;
				CLANG_ANALYZER_NONNULL = YES;
				CLANG_ANALYZER_NUMBER_OBJECT_CONVERSION = YES_AGGRESSIVE;
				CLANG_CXX_LANGUAGE_STANDARD = "gnu++17";
				CLANG_ENABLE_MODULES = YES;
				CLANG_ENABLE_OBJC_ARC = YES;
				CLANG_ENABLE_OBJC_WEAK = YES;
				CLANG_WARN_BLOCK_CAPTURE_AUTORELEASING = YES;
				CLANG_WARN_BOOL_CONVERSION = YES;
				CLANG_WARN_COMMA = YES;
				CLANG_WARN_CONSTANT_CONVERSION = YES;
				CLANG_WARN_DEPRECATED_OBJC_IMPLEMENTATIONS = YES;
				CLANG_WARN_DIRECT_OBJC_ISA_USAGE = YES_ERROR;
				CLANG_WARN_DOCUMENTATION_COMMENTS = YES;
				CLANG_WARN_EMPTY_BODY = YES;
				CLANG_WARN_ENUM_CONVERSION = YES;
				CLANG_WARN_INFINITE_RECURSION = YES;
				CLANG_WARN_INT_CONVERSION = YES;
				CLANG_WARN_NON_LITERAL_NULL_CONVERSION = YES;
				CLANG_WARN_OBJC_IMPLICIT_RETAIN_SELF = YES;
				CLANG_WARN_OBJC_LITERAL_CONVERSION = YES;
				CLANG_WARN_OBJC_ROOT_CLASS = YES_ERROR;
				CLANG_WARN_QUOTED_INCLUDE_IN_FRAMEWORK_HEADER = YES;
				CLANG_WARN_RANGE_LOOP_ANALYSIS = YES;
				CLANG_WARN_STRICT_PROTOTYPES = YES;
				CLANG_WARN_SUSPICIOUS_MOVE = YES;
				CLANG_WARN_UNGUARDED_AVAILABILITY = YES_AGGRESSIVE;
				CLANG_WARN_UNREACHABLE_CODE = YES;
				CLANG_WARN__DUPLICATE_METHOD_MATCH = YES;
				COPY_PHASE_STRIP = NO;
				DEBUG_INFORMATION_FORMAT = "dwarf-with-dsym";
				ENABLE_NS_ASSERTIONS = NO;
				ENABLE_STRICT_OBJC_MSGSEND = YES;
				GCC_C_LANGUAGE_STANDARD = gnu11;
				GCC_NO_COMMON_BLOCKS = YES;
				GCC_WARN_64_TO_32_BIT_CONVERSION = YES;
				GCC_WARN_ABOUT_RETURN_TYPE = YES_ERROR;
				GCC_WARN_UNDECLARED_SELECTOR = YES;
				GCC_WARN_UNINITIALIZED_AUTOS = YES_AGGRESSIVE;
				GCC_WARN_UNUSED_FUNCTION = YES;
				GCC_WARN_UNUSED_VARIABLE = YES;
				IPHONEOS_DEPLOYMENT_TARGET = 15.5;
				MTL_ENABLE_DEBUG_INFO = NO;
				MTL_FAST_MATH = YES;
				SDKROOT = iphoneos;
				SWIFT_COMPILATION_MODE = wholemodule;
				SWIFT_OPTIMIZATION_LEVEL = "-O";
				VALIDATE_PRODUCT = YES;
			};
			name = Release;
		};
		B85602BC2864A25C00D66075 /* Debug */ = {
			isa = XCBuildConfiguration;
			buildSettings = {
				ASSETCATALOG_COMPILER_APPICON_NAME = AppIcon;
				ASSETCATALOG_COMPILER_GLOBAL_ACCENT_COLOR_NAME = AccentColor;
				CODE_SIGN_STYLE = Automatic;
				CURRENT_PROJECT_VERSION = 1;
				DEVELOPMENT_TEAM = 79L9BY86K6;
				GENERATE_INFOPLIST_FILE = YES;
				INFOPLIST_FILE = MVPtest/Info.plist;
				INFOPLIST_KEY_UIApplicationSupportsIndirectInputEvents = YES;
				INFOPLIST_KEY_UILaunchStoryboardName = LaunchScreen;
				INFOPLIST_KEY_UIMainStoryboardFile = Main;
				INFOPLIST_KEY_UISupportedInterfaceOrientations_iPad = "UIInterfaceOrientationPortrait UIInterfaceOrientationPortraitUpsideDown UIInterfaceOrientationLandscapeLeft UIInterfaceOrientationLandscapeRight";
				INFOPLIST_KEY_UISupportedInterfaceOrientations_iPhone = "UIInterfaceOrientationPortrait UIInterfaceOrientationLandscapeLeft UIInterfaceOrientationLandscapeRight";
				LD_RUNPATH_SEARCH_PATHS = (
					"$(inherited)",
					"@executable_path/Frameworks",
				);
				MARKETING_VERSION = 1.0;
				PRODUCT_BUNDLE_IDENTIFIER = com.smyk.MVPtest;
				PRODUCT_NAME = "$(TARGET_NAME)";
				SWIFT_EMIT_LOC_STRINGS = YES;
				SWIFT_VERSION = 5.0;
				TARGETED_DEVICE_FAMILY = "1,2";
			};
			name = Debug;
		};
		B85602BD2864A25C00D66075 /* Release */ = {
			isa = XCBuildConfiguration;
			buildSettings = {
				ASSETCATALOG_COMPILER_APPICON_NAME = AppIcon;
				ASSETCATALOG_COMPILER_GLOBAL_ACCENT_COLOR_NAME = AccentColor;
				CODE_SIGN_STYLE = Automatic;
				CURRENT_PROJECT_VERSION = 1;
				DEVELOPMENT_TEAM = 79L9BY86K6;
				GENERATE_INFOPLIST_FILE = YES;
				INFOPLIST_FILE = MVPtest/Info.plist;
				INFOPLIST_KEY_UIApplicationSupportsIndirectInputEvents = YES;
				INFOPLIST_KEY_UILaunchStoryboardName = LaunchScreen;
				INFOPLIST_KEY_UIMainStoryboardFile = Main;
				INFOPLIST_KEY_UISupportedInterfaceOrientations_iPad = "UIInterfaceOrientationPortrait UIInterfaceOrientationPortraitUpsideDown UIInterfaceOrientationLandscapeLeft UIInterfaceOrientationLandscapeRight";
				INFOPLIST_KEY_UISupportedInterfaceOrientations_iPhone = "UIInterfaceOrientationPortrait UIInterfaceOrientationLandscapeLeft UIInterfaceOrientationLandscapeRight";
				LD_RUNPATH_SEARCH_PATHS = (
					"$(inherited)",
					"@executable_path/Frameworks",
				);
				MARKETING_VERSION = 1.0;
				PRODUCT_BUNDLE_IDENTIFIER = com.smyk.MVPtest;
				PRODUCT_NAME = "$(TARGET_NAME)";
				SWIFT_EMIT_LOC_STRINGS = YES;
				SWIFT_VERSION = 5.0;
				TARGETED_DEVICE_FAMILY = "1,2";
			};
			name = Release;
		};
/* End XCBuildConfiguration section */

/* Begin XCConfigurationList section */
		B85602A22864A25B00D66075 /* Build configuration list for PBXProject "MVPtest" */ = {
			isa = XCConfigurationList;
			buildConfigurations = (
				B85602B92864A25C00D66075 /* Debug */,
				B85602BA2864A25C00D66075 /* Release */,
			);
			defaultConfigurationIsVisible = 0;
			defaultConfigurationName = Release;
		};
		B85602BB2864A25C00D66075 /* Build configuration list for PBXNativeTarget "MVPtest" */ = {
			isa = XCConfigurationList;
			buildConfigurations = (
				B85602BC2864A25C00D66075 /* Debug */,
				B85602BD2864A25C00D66075 /* Release */,
			);
			defaultConfigurationIsVisible = 0;
			defaultConfigurationName = Release;
		};
/* End XCConfigurationList section */
	};
	rootObject = B856029F2864A25B00D66075 /* Project object */;
}
